// !$*UTF8*$!
{
	archiveVersion = 1;
	classes = {
	};
	objectVersion = 56;
	objects = {

/* Begin PBXBuildFile section */
		F6187D4B2C0732A7007483C5 /* DeviceActivity.framework in Frameworks */ = {isa = PBXBuildFile; fileRef = F6187D4A2C0732A7007483C5 /* DeviceActivity.framework */; };
		F6187D4E2C0732A7007483C5 /* DeviceActivityMonitorExtension.swift in Sources */ = {isa = PBXBuildFile; fileRef = F6187D4D2C0732A7007483C5 /* DeviceActivityMonitorExtension.swift */; };
		F6187D532C0732A7007483C5 /* FlowtientDeviceActivityMonitor.appex in Embed Foundation Extensions */ = {isa = PBXBuildFile; fileRef = F6187D482C0732A7007483C5 /* FlowtientDeviceActivityMonitor.appex */; settings = {ATTRIBUTES = (RemoveHeadersOnCopy, ); }; };
		F63071B22C1CED880003FFC9 /* ProgressRing.swift in Sources */ = {isa = PBXBuildFile; fileRef = F63071B12C1CED880003FFC9 /* ProgressRing.swift */; };
		F63071B42C1D005C0003FFC9 /* DayTimerManager.swift in Sources */ = {isa = PBXBuildFile; fileRef = F63071B32C1D005C0003FFC9 /* DayTimerManager.swift */; };
		F63071B62C1FB2910003FFC9 /* DailyProgressBar.swift in Sources */ = {isa = PBXBuildFile; fileRef = F63071B52C1FB2910003FFC9 /* DailyProgressBar.swift */; };
		F63071B82C20419D0003FFC9 /* FocusSessionDetailView.swift in Sources */ = {isa = PBXBuildFile; fileRef = F63071B72C20419D0003FFC9 /* FocusSessionDetailView.swift */; };
		F63071BA2C207F370003FFC9 /* LargeStartButton.swift in Sources */ = {isa = PBXBuildFile; fileRef = F63071B92C207F370003FFC9 /* LargeStartButton.swift */; };
		F63071BC2C20AFB70003FFC9 /* ColouredButton.swift in Sources */ = {isa = PBXBuildFile; fileRef = F63071BB2C20AFB70003FFC9 /* ColouredButton.swift */; };
		F63071BE2C20E4670003FFC9 /* IntentionCheckBox.swift in Sources */ = {isa = PBXBuildFile; fileRef = F63071BD2C20E4670003FFC9 /* IntentionCheckBox.swift */; };
		F63071C02C20E9B00003FFC9 /* FocusSessionDetailViewModel.swift in Sources */ = {isa = PBXBuildFile; fileRef = F63071BF2C20E9B00003FFC9 /* FocusSessionDetailViewModel.swift */; };
		F63071C22C21011F0003FFC9 /* CircleXButton.swift in Sources */ = {isa = PBXBuildFile; fileRef = F63071C12C21011F0003FFC9 /* CircleXButton.swift */; };
		F63071C42C21CCF60003FFC9 /* LottieView.swift in Sources */ = {isa = PBXBuildFile; fileRef = F63071C32C21CCF60003FFC9 /* LottieView.swift */; };
		F63071C72C21CD980003FFC9 /* Lottie in Frameworks */ = {isa = PBXBuildFile; productRef = F63071C62C21CD980003FFC9 /* Lottie */; };
		F63071CA2C21D08C0003FFC9 /* LottieShield.json in Resources */ = {isa = PBXBuildFile; fileRef = F63071C92C21D08C0003FFC9 /* LottieShield.json */; };
		F63071D12C21D7230003FFC9 /* WidgetKit.framework in Frameworks */ = {isa = PBXBuildFile; fileRef = F63071D02C21D7230003FFC9 /* WidgetKit.framework */; };
		F63071D32C21D7230003FFC9 /* SwiftUI.framework in Frameworks */ = {isa = PBXBuildFile; fileRef = F63071D22C21D7230003FFC9 /* SwiftUI.framework */; };
		F63071D62C21D7230003FFC9 /* FocusSessionToDoWidgetBundle.swift in Sources */ = {isa = PBXBuildFile; fileRef = F63071D52C21D7230003FFC9 /* FocusSessionToDoWidgetBundle.swift */; };
		F63071D82C21D7230003FFC9 /* FocusSessionToDoWidgetLiveActivity.swift in Sources */ = {isa = PBXBuildFile; fileRef = F63071D72C21D7230003FFC9 /* FocusSessionToDoWidgetLiveActivity.swift */; };
		F63071DA2C21D7230003FFC9 /* FocusSessionToDoWidget.swift in Sources */ = {isa = PBXBuildFile; fileRef = F63071D92C21D7230003FFC9 /* FocusSessionToDoWidget.swift */; };
		F63071DC2C21D7230003FFC9 /* AppIntent.swift in Sources */ = {isa = PBXBuildFile; fileRef = F63071DB2C21D7230003FFC9 /* AppIntent.swift */; };
		F63071DE2C21D7250003FFC9 /* Assets.xcassets in Resources */ = {isa = PBXBuildFile; fileRef = F63071DD2C21D7250003FFC9 /* Assets.xcassets */; };
		F63071E22C21D7250003FFC9 /* FocusSessionToDoWidgetExtension.appex in Embed Foundation Extensions */ = {isa = PBXBuildFile; fileRef = F63071CF2C21D7230003FFC9 /* FocusSessionToDoWidgetExtension.appex */; settings = {ATTRIBUTES = (RemoveHeadersOnCopy, ); }; };
		F67893B42BA3BC3200ACA13F /* FlowtientApp.swift in Sources */ = {isa = PBXBuildFile; fileRef = F67893B32BA3BC3200ACA13F /* FlowtientApp.swift */; };
		F67893B62BA3BC3200ACA13F /* ContentView.swift in Sources */ = {isa = PBXBuildFile; fileRef = F67893B52BA3BC3200ACA13F /* ContentView.swift */; };
		F67893B82BA3BC3500ACA13F /* Assets.xcassets in Resources */ = {isa = PBXBuildFile; fileRef = F67893B72BA3BC3500ACA13F /* Assets.xcassets */; };
		F67893BB2BA3BC3500ACA13F /* Preview Assets.xcassets in Resources */ = {isa = PBXBuildFile; fileRef = F67893BA2BA3BC3500ACA13F /* Preview Assets.xcassets */; };
		F67893C22BA3BC7100ACA13F /* Login.swift in Sources */ = {isa = PBXBuildFile; fileRef = F67893C12BA3BC7100ACA13F /* Login.swift */; };
		F67893C62BA3BDEE00ACA13F /* GreyButton.swift in Sources */ = {isa = PBXBuildFile; fileRef = F67893C52BA3BDEE00ACA13F /* GreyButton.swift */; };
		F67893C82BA446F900ACA13F /* HomeView.swift in Sources */ = {isa = PBXBuildFile; fileRef = F67893C72BA446F900ACA13F /* HomeView.swift */; };
		F67893D12BA480DD00ACA13F /* FocusTimeSetView.swift in Sources */ = {isa = PBXBuildFile; fileRef = F67893D02BA480DD00ACA13F /* FocusTimeSetView.swift */; };
		F67893D32BA48DC200ACA13F /* FocusIntentionSetView.swift in Sources */ = {isa = PBXBuildFile; fileRef = F67893D22BA48DC200ACA13F /* FocusIntentionSetView.swift */; };
		F67893D72BA49A9800ACA13F /* IntentionIconCircleButton.swift in Sources */ = {isa = PBXBuildFile; fileRef = F67893D62BA49A9800ACA13F /* IntentionIconCircleButton.swift */; };
		F67893D92BA51CB300ACA13F /* FocusAppSelectionView.swift in Sources */ = {isa = PBXBuildFile; fileRef = F67893D82BA51CB300ACA13F /* FocusAppSelectionView.swift */; };
		F67894012BA5CBAD00ACA13F /* IntentionTextFieldRow.swift in Sources */ = {isa = PBXBuildFile; fileRef = F67894002BA5CBAD00ACA13F /* IntentionTextFieldRow.swift */; };
		F67894042BA7A7FD00ACA13F /* FocusSessionViewModel.swift in Sources */ = {isa = PBXBuildFile; fileRef = F67894032BA7A7FD00ACA13F /* FocusSessionViewModel.swift */; };
		F67C08912BB5115A0020751B /* FocusSessionModel.swift in Sources */ = {isa = PBXBuildFile; fileRef = F67C08902BB5115A0020751B /* FocusSessionModel.swift */; };
		F68D5AD92C24680000E68A29 /* CongratulationsView.swift in Sources */ = {isa = PBXBuildFile; fileRef = F68D5AD82C24680000E68A29 /* CongratulationsView.swift */; };
		F68D5ADB2C246C8400E68A29 /* VideoView.swift in Sources */ = {isa = PBXBuildFile; fileRef = F68D5ADA2C246C8400E68A29 /* VideoView.swift */; };
		F68D5ADE2C246E2C00E68A29 /* CongratulationsVideo.mp4 in Resources */ = {isa = PBXBuildFile; fileRef = F68D5ADD2C246E2C00E68A29 /* CongratulationsVideo.mp4 */; };
		F68D5AE02C2790E100E68A29 /* CongratulationsProgressRing.swift in Sources */ = {isa = PBXBuildFile; fileRef = F68D5ADF2C2790E100E68A29 /* CongratulationsProgressRing.swift */; };
		F68E6EB72BB0686200754259 /* FocusTimeSetViewModel.swift in Sources */ = {isa = PBXBuildFile; fileRef = F68E6EB62BB0686200754259 /* FocusTimeSetViewModel.swift */; };
		F68E6EB92BB06C6E00754259 /* FocusAppSelectionViewModel.swift in Sources */ = {isa = PBXBuildFile; fileRef = F68E6EB82BB06C6E00754259 /* FocusAppSelectionViewModel.swift */; };
		F68E6EF92BB2876600754259 /* FocusIntentionSetViewModel.swift in Sources */ = {isa = PBXBuildFile; fileRef = F68E6EF82BB2876600754259 /* FocusIntentionSetViewModel.swift */; };
		F68E6EFB2BB2D08900754259 /* IntentionTag.swift in Sources */ = {isa = PBXBuildFile; fileRef = F68E6EFA2BB2D08900754259 /* IntentionTag.swift */; };
		F68E6EFD2BB2D4DB00754259 /* CreateNewTagView.swift in Sources */ = {isa = PBXBuildFile; fileRef = F68E6EFC2BB2D4DB00754259 /* CreateNewTagView.swift */; };
		F6A264C72C136C72004D3E2A /* FocusSessionNavigationViewModel.swift in Sources */ = {isa = PBXBuildFile; fileRef = F6A264C62C136C72004D3E2A /* FocusSessionNavigationViewModel.swift */; };
		F6A264C92C137358004D3E2A /* FocusSessionProgressBar.swift in Sources */ = {isa = PBXBuildFile; fileRef = F6A264C82C137358004D3E2A /* FocusSessionProgressBar.swift */; };
		F6A264CC2C145B77004D3E2A /* FocusSessionManager.swift in Sources */ = {isa = PBXBuildFile; fileRef = F6A264CB2C145B77004D3E2A /* FocusSessionManager.swift */; };
		F6A264CE2C170289004D3E2A /* IntentionModel.swift in Sources */ = {isa = PBXBuildFile; fileRef = F6A264CD2C170289004D3E2A /* IntentionModel.swift */; };
		F6F92B992BAE50E0005CC497 /* DeviceActivityMonitorExtension.swift in Sources */ = {isa = PBXBuildFile; fileRef = F6F92B982BAE50E0005CC497 /* DeviceActivityMonitorExtension.swift */; };
		F6F92B9C2BAE7671005CC497 /* DeviceActivityNameExtension.swift in Sources */ = {isa = PBXBuildFile; fileRef = F6F92B9B2BAE7671005CC497 /* DeviceActivityNameExtension.swift */; };
/* End PBXBuildFile section */

/* Begin PBXContainerItemProxy section */
		F6187D512C0732A7007483C5 /* PBXContainerItemProxy */ = {
			isa = PBXContainerItemProxy;
			containerPortal = F67893A82BA3BC3200ACA13F /* Project object */;
			proxyType = 1;
			remoteGlobalIDString = F6187D472C0732A7007483C5;
			remoteInfo = FlowtientDeviceActivityMonitor;
		};
		F63071E02C21D7250003FFC9 /* PBXContainerItemProxy */ = {
			isa = PBXContainerItemProxy;
			containerPortal = F67893A82BA3BC3200ACA13F /* Project object */;
			proxyType = 1;
			remoteGlobalIDString = F63071CE2C21D7230003FFC9;
			remoteInfo = FocusSessionToDoWidgetExtension;
		};
/* End PBXContainerItemProxy section */

/* Begin PBXCopyFilesBuildPhase section */
		F6187D542C0732A7007483C5 /* Embed Foundation Extensions */ = {
			isa = PBXCopyFilesBuildPhase;
			buildActionMask = 2147483647;
			dstPath = "";
			dstSubfolderSpec = 13;
			files = (
				F63071E22C21D7250003FFC9 /* FocusSessionToDoWidgetExtension.appex in Embed Foundation Extensions */,
				F6187D532C0732A7007483C5 /* FlowtientDeviceActivityMonitor.appex in Embed Foundation Extensions */,
			);
			name = "Embed Foundation Extensions";
			runOnlyForDeploymentPostprocessing = 0;
		};
/* End PBXCopyFilesBuildPhase section */

/* Begin PBXFileReference section */
		F6187D482C0732A7007483C5 /* FlowtientDeviceActivityMonitor.appex */ = {isa = PBXFileReference; explicitFileType = "wrapper.app-extension"; includeInIndex = 0; path = FlowtientDeviceActivityMonitor.appex; sourceTree = BUILT_PRODUCTS_DIR; };
		F6187D4A2C0732A7007483C5 /* DeviceActivity.framework */ = {isa = PBXFileReference; lastKnownFileType = wrapper.framework; name = DeviceActivity.framework; path = System/Library/Frameworks/DeviceActivity.framework; sourceTree = SDKROOT; };
		F6187D4D2C0732A7007483C5 /* DeviceActivityMonitorExtension.swift */ = {isa = PBXFileReference; lastKnownFileType = sourcecode.swift; path = DeviceActivityMonitorExtension.swift; sourceTree = "<group>"; };
		F6187D4F2C0732A7007483C5 /* Info.plist */ = {isa = PBXFileReference; lastKnownFileType = text.plist.xml; path = Info.plist; sourceTree = "<group>"; };
		F6187D502C0732A7007483C5 /* FlowtientDeviceActivityMonitor.entitlements */ = {isa = PBXFileReference; lastKnownFileType = text.plist.entitlements; path = FlowtientDeviceActivityMonitor.entitlements; sourceTree = "<group>"; };
		F63071B12C1CED880003FFC9 /* ProgressRing.swift */ = {isa = PBXFileReference; lastKnownFileType = sourcecode.swift; path = ProgressRing.swift; sourceTree = "<group>"; };
		F63071B32C1D005C0003FFC9 /* DayTimerManager.swift */ = {isa = PBXFileReference; lastKnownFileType = sourcecode.swift; path = DayTimerManager.swift; sourceTree = "<group>"; };
		F63071B52C1FB2910003FFC9 /* DailyProgressBar.swift */ = {isa = PBXFileReference; lastKnownFileType = sourcecode.swift; path = DailyProgressBar.swift; sourceTree = "<group>"; };
		F63071B72C20419D0003FFC9 /* FocusSessionDetailView.swift */ = {isa = PBXFileReference; lastKnownFileType = sourcecode.swift; path = FocusSessionDetailView.swift; sourceTree = "<group>"; };
		F63071B92C207F370003FFC9 /* LargeStartButton.swift */ = {isa = PBXFileReference; lastKnownFileType = sourcecode.swift; path = LargeStartButton.swift; sourceTree = "<group>"; };
		F63071BB2C20AFB70003FFC9 /* ColouredButton.swift */ = {isa = PBXFileReference; lastKnownFileType = sourcecode.swift; path = ColouredButton.swift; sourceTree = "<group>"; };
		F63071BD2C20E4670003FFC9 /* IntentionCheckBox.swift */ = {isa = PBXFileReference; lastKnownFileType = sourcecode.swift; path = IntentionCheckBox.swift; sourceTree = "<group>"; };
		F63071BF2C20E9B00003FFC9 /* FocusSessionDetailViewModel.swift */ = {isa = PBXFileReference; lastKnownFileType = sourcecode.swift; path = FocusSessionDetailViewModel.swift; sourceTree = "<group>"; };
		F63071C12C21011F0003FFC9 /* CircleXButton.swift */ = {isa = PBXFileReference; lastKnownFileType = sourcecode.swift; path = CircleXButton.swift; sourceTree = "<group>"; };
		F63071C32C21CCF60003FFC9 /* LottieView.swift */ = {isa = PBXFileReference; lastKnownFileType = sourcecode.swift; path = LottieView.swift; sourceTree = "<group>"; };
		F63071C92C21D08C0003FFC9 /* LottieShield.json */ = {isa = PBXFileReference; fileEncoding = 4; lastKnownFileType = text.json; path = LottieShield.json; sourceTree = "<group>"; };
		F63071CF2C21D7230003FFC9 /* FocusSessionToDoWidgetExtension.appex */ = {isa = PBXFileReference; explicitFileType = "wrapper.app-extension"; includeInIndex = 0; path = FocusSessionToDoWidgetExtension.appex; sourceTree = BUILT_PRODUCTS_DIR; };
		F63071D02C21D7230003FFC9 /* WidgetKit.framework */ = {isa = PBXFileReference; lastKnownFileType = wrapper.framework; name = WidgetKit.framework; path = System/Library/Frameworks/WidgetKit.framework; sourceTree = SDKROOT; };
		F63071D22C21D7230003FFC9 /* SwiftUI.framework */ = {isa = PBXFileReference; lastKnownFileType = wrapper.framework; name = SwiftUI.framework; path = System/Library/Frameworks/SwiftUI.framework; sourceTree = SDKROOT; };
		F63071D52C21D7230003FFC9 /* FocusSessionToDoWidgetBundle.swift */ = {isa = PBXFileReference; lastKnownFileType = sourcecode.swift; path = FocusSessionToDoWidgetBundle.swift; sourceTree = "<group>"; };
		F63071D72C21D7230003FFC9 /* FocusSessionToDoWidgetLiveActivity.swift */ = {isa = PBXFileReference; lastKnownFileType = sourcecode.swift; path = FocusSessionToDoWidgetLiveActivity.swift; sourceTree = "<group>"; };
		F63071D92C21D7230003FFC9 /* FocusSessionToDoWidget.swift */ = {isa = PBXFileReference; lastKnownFileType = sourcecode.swift; path = FocusSessionToDoWidget.swift; sourceTree = "<group>"; };
		F63071DB2C21D7230003FFC9 /* AppIntent.swift */ = {isa = PBXFileReference; lastKnownFileType = sourcecode.swift; path = AppIntent.swift; sourceTree = "<group>"; };
		F63071DD2C21D7250003FFC9 /* Assets.xcassets */ = {isa = PBXFileReference; lastKnownFileType = folder.assetcatalog; path = Assets.xcassets; sourceTree = "<group>"; };
		F63071DF2C21D7250003FFC9 /* Info.plist */ = {isa = PBXFileReference; lastKnownFileType = text.plist.xml; path = Info.plist; sourceTree = "<group>"; };
		F67893B02BA3BC3200ACA13F /* Flowtient.app */ = {isa = PBXFileReference; explicitFileType = wrapper.application; includeInIndex = 0; path = Flowtient.app; sourceTree = BUILT_PRODUCTS_DIR; };
		F67893B32BA3BC3200ACA13F /* FlowtientApp.swift */ = {isa = PBXFileReference; lastKnownFileType = sourcecode.swift; path = FlowtientApp.swift; sourceTree = "<group>"; };
		F67893B52BA3BC3200ACA13F /* ContentView.swift */ = {isa = PBXFileReference; lastKnownFileType = sourcecode.swift; path = ContentView.swift; sourceTree = "<group>"; };
		F67893B72BA3BC3500ACA13F /* Assets.xcassets */ = {isa = PBXFileReference; lastKnownFileType = folder.assetcatalog; path = Assets.xcassets; sourceTree = "<group>"; };
		F67893BA2BA3BC3500ACA13F /* Preview Assets.xcassets */ = {isa = PBXFileReference; lastKnownFileType = folder.assetcatalog; path = "Preview Assets.xcassets"; sourceTree = "<group>"; };
		F67893C12BA3BC7100ACA13F /* Login.swift */ = {isa = PBXFileReference; lastKnownFileType = sourcecode.swift; path = Login.swift; sourceTree = "<group>"; };
		F67893C52BA3BDEE00ACA13F /* GreyButton.swift */ = {isa = PBXFileReference; lastKnownFileType = sourcecode.swift; path = GreyButton.swift; sourceTree = "<group>"; };
		F67893C72BA446F900ACA13F /* HomeView.swift */ = {isa = PBXFileReference; lastKnownFileType = sourcecode.swift; path = HomeView.swift; sourceTree = "<group>"; };
		F67893D02BA480DD00ACA13F /* FocusTimeSetView.swift */ = {isa = PBXFileReference; lastKnownFileType = sourcecode.swift; path = FocusTimeSetView.swift; sourceTree = "<group>"; };
		F67893D22BA48DC200ACA13F /* FocusIntentionSetView.swift */ = {isa = PBXFileReference; lastKnownFileType = sourcecode.swift; path = FocusIntentionSetView.swift; sourceTree = "<group>"; };
		F67893D62BA49A9800ACA13F /* IntentionIconCircleButton.swift */ = {isa = PBXFileReference; lastKnownFileType = sourcecode.swift; path = IntentionIconCircleButton.swift; sourceTree = "<group>"; };
		F67893D82BA51CB300ACA13F /* FocusAppSelectionView.swift */ = {isa = PBXFileReference; lastKnownFileType = sourcecode.swift; path = FocusAppSelectionView.swift; sourceTree = "<group>"; };
		F67894002BA5CBAD00ACA13F /* IntentionTextFieldRow.swift */ = {isa = PBXFileReference; lastKnownFileType = sourcecode.swift; path = IntentionTextFieldRow.swift; sourceTree = "<group>"; };
		F67894032BA7A7FD00ACA13F /* FocusSessionViewModel.swift */ = {isa = PBXFileReference; lastKnownFileType = sourcecode.swift; path = FocusSessionViewModel.swift; sourceTree = "<group>"; };
		F678940E2BAD080000ACA13F /* Flowtient.entitlements */ = {isa = PBXFileReference; lastKnownFileType = text.plist.entitlements; path = Flowtient.entitlements; sourceTree = "<group>"; };
		F67C08902BB5115A0020751B /* FocusSessionModel.swift */ = {isa = PBXFileReference; lastKnownFileType = sourcecode.swift; path = FocusSessionModel.swift; sourceTree = "<group>"; };
		F68D5AD82C24680000E68A29 /* CongratulationsView.swift */ = {isa = PBXFileReference; lastKnownFileType = sourcecode.swift; path = CongratulationsView.swift; sourceTree = "<group>"; };
		F68D5ADA2C246C8400E68A29 /* VideoView.swift */ = {isa = PBXFileReference; lastKnownFileType = sourcecode.swift; path = VideoView.swift; sourceTree = "<group>"; };
		F68D5ADD2C246E2C00E68A29 /* CongratulationsVideo.mp4 */ = {isa = PBXFileReference; lastKnownFileType = file; path = CongratulationsVideo.mp4; sourceTree = "<group>"; };
		F68D5ADF2C2790E100E68A29 /* CongratulationsProgressRing.swift */ = {isa = PBXFileReference; lastKnownFileType = sourcecode.swift; path = CongratulationsProgressRing.swift; sourceTree = "<group>"; };
		F68E6EB62BB0686200754259 /* FocusTimeSetViewModel.swift */ = {isa = PBXFileReference; lastKnownFileType = sourcecode.swift; path = FocusTimeSetViewModel.swift; sourceTree = "<group>"; };
		F68E6EB82BB06C6E00754259 /* FocusAppSelectionViewModel.swift */ = {isa = PBXFileReference; lastKnownFileType = sourcecode.swift; path = FocusAppSelectionViewModel.swift; sourceTree = "<group>"; };
		F68E6EF82BB2876600754259 /* FocusIntentionSetViewModel.swift */ = {isa = PBXFileReference; lastKnownFileType = sourcecode.swift; path = FocusIntentionSetViewModel.swift; sourceTree = "<group>"; };
		F68E6EFA2BB2D08900754259 /* IntentionTag.swift */ = {isa = PBXFileReference; lastKnownFileType = sourcecode.swift; path = IntentionTag.swift; sourceTree = "<group>"; };
		F68E6EFC2BB2D4DB00754259 /* CreateNewTagView.swift */ = {isa = PBXFileReference; lastKnownFileType = sourcecode.swift; path = CreateNewTagView.swift; sourceTree = "<group>"; };
		F6A264C62C136C72004D3E2A /* FocusSessionNavigationViewModel.swift */ = {isa = PBXFileReference; lastKnownFileType = sourcecode.swift; path = FocusSessionNavigationViewModel.swift; sourceTree = "<group>"; };
		F6A264C82C137358004D3E2A /* FocusSessionProgressBar.swift */ = {isa = PBXFileReference; lastKnownFileType = sourcecode.swift; path = FocusSessionProgressBar.swift; sourceTree = "<group>"; };
		F6A264CB2C145B77004D3E2A /* FocusSessionManager.swift */ = {isa = PBXFileReference; lastKnownFileType = sourcecode.swift; path = FocusSessionManager.swift; sourceTree = "<group>"; };
		F6A264CD2C170289004D3E2A /* IntentionModel.swift */ = {isa = PBXFileReference; lastKnownFileType = sourcecode.swift; path = IntentionModel.swift; sourceTree = "<group>"; };
		F6F92B982BAE50E0005CC497 /* DeviceActivityMonitorExtension.swift */ = {isa = PBXFileReference; lastKnownFileType = sourcecode.swift; path = DeviceActivityMonitorExtension.swift; sourceTree = "<group>"; };
		F6F92B9B2BAE7671005CC497 /* DeviceActivityNameExtension.swift */ = {isa = PBXFileReference; lastKnownFileType = sourcecode.swift; path = DeviceActivityNameExtension.swift; sourceTree = "<group>"; };
/* End PBXFileReference section */

/* Begin PBXFrameworksBuildPhase section */
		F6187D452C0732A7007483C5 /* Frameworks */ = {
			isa = PBXFrameworksBuildPhase;
			buildActionMask = 2147483647;
			files = (
				F6187D4B2C0732A7007483C5 /* DeviceActivity.framework in Frameworks */,
			);
			runOnlyForDeploymentPostprocessing = 0;
		};
		F63071CC2C21D7230003FFC9 /* Frameworks */ = {
			isa = PBXFrameworksBuildPhase;
			buildActionMask = 2147483647;
			files = (
				F63071D32C21D7230003FFC9 /* SwiftUI.framework in Frameworks */,
				F63071D12C21D7230003FFC9 /* WidgetKit.framework in Frameworks */,
			);
			runOnlyForDeploymentPostprocessing = 0;
		};
		F67893AD2BA3BC3200ACA13F /* Frameworks */ = {
			isa = PBXFrameworksBuildPhase;
			buildActionMask = 2147483647;
			files = (
				F63071C72C21CD980003FFC9 /* Lottie in Frameworks */,
			);
			runOnlyForDeploymentPostprocessing = 0;
		};
/* End PBXFrameworksBuildPhase section */

/* Begin PBXGroup section */
		F6187D492C0732A7007483C5 /* Frameworks */ = {
			isa = PBXGroup;
			children = (
				F6187D4A2C0732A7007483C5 /* DeviceActivity.framework */,
				F63071D02C21D7230003FFC9 /* WidgetKit.framework */,
				F63071D22C21D7230003FFC9 /* SwiftUI.framework */,
			);
			name = Frameworks;
			sourceTree = "<group>";
		};
		F6187D4C2C0732A7007483C5 /* FlowtientDeviceActivityMonitor */ = {
			isa = PBXGroup;
			children = (
				F6187D4D2C0732A7007483C5 /* DeviceActivityMonitorExtension.swift */,
				F6187D4F2C0732A7007483C5 /* Info.plist */,
				F6187D502C0732A7007483C5 /* FlowtientDeviceActivityMonitor.entitlements */,
			);
			path = FlowtientDeviceActivityMonitor;
			sourceTree = "<group>";
		};
		F63071C82C21D06D0003FFC9 /* Resources */ = {
			isa = PBXGroup;
			children = (
				F68D5ADC2C246E2100E68A29 /* Videos */,
				F63071C92C21D08C0003FFC9 /* LottieShield.json */,
			);
			path = Resources;
			sourceTree = "<group>";
		};
		F63071D42C21D7230003FFC9 /* FocusSessionToDoWidget */ = {
			isa = PBXGroup;
			children = (
				F63071D52C21D7230003FFC9 /* FocusSessionToDoWidgetBundle.swift */,
				F63071D72C21D7230003FFC9 /* FocusSessionToDoWidgetLiveActivity.swift */,
				F63071D92C21D7230003FFC9 /* FocusSessionToDoWidget.swift */,
				F63071DB2C21D7230003FFC9 /* AppIntent.swift */,
				F63071DD2C21D7250003FFC9 /* Assets.xcassets */,
				F63071DF2C21D7250003FFC9 /* Info.plist */,
			);
			path = FocusSessionToDoWidget;
			sourceTree = "<group>";
		};
		F67893A72BA3BC3200ACA13F = {
			isa = PBXGroup;
			children = (
				F67893B22BA3BC3200ACA13F /* Flowtient */,
				F6187D4C2C0732A7007483C5 /* FlowtientDeviceActivityMonitor */,
				F63071D42C21D7230003FFC9 /* FocusSessionToDoWidget */,
				F6187D492C0732A7007483C5 /* Frameworks */,
				F67893B12BA3BC3200ACA13F /* Products */,
			);
			sourceTree = "<group>";
		};
		F67893B12BA3BC3200ACA13F /* Products */ = {
			isa = PBXGroup;
			children = (
				F67893B02BA3BC3200ACA13F /* Flowtient.app */,
				F6187D482C0732A7007483C5 /* FlowtientDeviceActivityMonitor.appex */,
				F63071CF2C21D7230003FFC9 /* FocusSessionToDoWidgetExtension.appex */,
			);
			name = Products;
			sourceTree = "<group>";
		};
		F67893B22BA3BC3200ACA13F /* Flowtient */ = {
			isa = PBXGroup;
			children = (
				F63071C82C21D06D0003FFC9 /* Resources */,
				F678940E2BAD080000ACA13F /* Flowtient.entitlements */,
				F6A264CA2C145B3A004D3E2A /* Managers */,
				F67894022BA79B4300ACA13F /* Models */,
				F67893D42BA4968100ACA13F /* ViewModels */,
				F67893CF2BA480C300ACA13F /* Views */,
				F67893CA2BA46DCE00ACA13F /* Utilities */,
				F67893C42BA3BDCE00ACA13F /* Components */,
				F67893C32BA3BC7500ACA13F /* Auth */,
				F6F92B9A2BAE50E5005CC497 /* Extensions */,
				F67893B32BA3BC3200ACA13F /* FlowtientApp.swift */,
				F67893B72BA3BC3500ACA13F /* Assets.xcassets */,
				F67893B92BA3BC3500ACA13F /* Preview Content */,
				F67893C72BA446F900ACA13F /* HomeView.swift */,
			);
			path = Flowtient;
			sourceTree = "<group>";
		};
		F67893B92BA3BC3500ACA13F /* Preview Content */ = {
			isa = PBXGroup;
			children = (
				F67893BA2BA3BC3500ACA13F /* Preview Assets.xcassets */,
			);
			path = "Preview Content";
			sourceTree = "<group>";
		};
		F67893C32BA3BC7500ACA13F /* Auth */ = {
			isa = PBXGroup;
			children = (
				F67893C12BA3BC7100ACA13F /* Login.swift */,
			);
			path = Auth;
			sourceTree = "<group>";
		};
		F67893C42BA3BDCE00ACA13F /* Components */ = {
			isa = PBXGroup;
			children = (
				F67893C52BA3BDEE00ACA13F /* GreyButton.swift */,
				F63071BB2C20AFB70003FFC9 /* ColouredButton.swift */,
				F67893D62BA49A9800ACA13F /* IntentionIconCircleButton.swift */,
				F67894002BA5CBAD00ACA13F /* IntentionTextFieldRow.swift */,
				F6A264C82C137358004D3E2A /* FocusSessionProgressBar.swift */,
				F63071B12C1CED880003FFC9 /* ProgressRing.swift */,
				F68D5ADF2C2790E100E68A29 /* CongratulationsProgressRing.swift */,
				F63071B52C1FB2910003FFC9 /* DailyProgressBar.swift */,
				F63071B92C207F370003FFC9 /* LargeStartButton.swift */,
				F63071BD2C20E4670003FFC9 /* IntentionCheckBox.swift */,
				F63071C12C21011F0003FFC9 /* CircleXButton.swift */,
				F63071C32C21CCF60003FFC9 /* LottieView.swift */,
			);
			path = Components;
			sourceTree = "<group>";
		};
		F67893CA2BA46DCE00ACA13F /* Utilities */ = {
			isa = PBXGroup;
			children = (
				F68D5ADA2C246C8400E68A29 /* VideoView.swift */,
			);
			path = Utilities;
			sourceTree = "<group>";
		};
		F67893CF2BA480C300ACA13F /* Views */ = {
			isa = PBXGroup;
			children = (
				F67893D02BA480DD00ACA13F /* FocusTimeSetView.swift */,
				F67893D22BA48DC200ACA13F /* FocusIntentionSetView.swift */,
				F67893D82BA51CB300ACA13F /* FocusAppSelectionView.swift */,
				F68E6EFC2BB2D4DB00754259 /* CreateNewTagView.swift */,
				F63071B72C20419D0003FFC9 /* FocusSessionDetailView.swift */,
				F68D5AD82C24680000E68A29 /* CongratulationsView.swift */,
				F67893B52BA3BC3200ACA13F /* ContentView.swift */,
			);
			path = Views;
			sourceTree = "<group>";
		};
		F67893D42BA4968100ACA13F /* ViewModels */ = {
			isa = PBXGroup;
			children = (
				F6A264C62C136C72004D3E2A /* FocusSessionNavigationViewModel.swift */,
				F67894032BA7A7FD00ACA13F /* FocusSessionViewModel.swift */,
				F68E6EB62BB0686200754259 /* FocusTimeSetViewModel.swift */,
				F68E6EF82BB2876600754259 /* FocusIntentionSetViewModel.swift */,
				F68E6EB82BB06C6E00754259 /* FocusAppSelectionViewModel.swift */,
				F63071BF2C20E9B00003FFC9 /* FocusSessionDetailViewModel.swift */,
			);
			path = ViewModels;
			sourceTree = "<group>";
		};
		F67894022BA79B4300ACA13F /* Models */ = {
			isa = PBXGroup;
			children = (
				F68E6EFA2BB2D08900754259 /* IntentionTag.swift */,
				F67C08902BB5115A0020751B /* FocusSessionModel.swift */,
				F6A264CD2C170289004D3E2A /* IntentionModel.swift */,
			);
			path = Models;
			sourceTree = "<group>";
		};
		F68D5ADC2C246E2100E68A29 /* Videos */ = {
			isa = PBXGroup;
			children = (
				F68D5ADD2C246E2C00E68A29 /* CongratulationsVideo.mp4 */,
			);
			path = Videos;
			sourceTree = "<group>";
		};
		F6A264CA2C145B3A004D3E2A /* Managers */ = {
			isa = PBXGroup;
			children = (
				F6A264CB2C145B77004D3E2A /* FocusSessionManager.swift */,
				F63071B32C1D005C0003FFC9 /* DayTimerManager.swift */,
			);
			path = Managers;
			sourceTree = "<group>";
		};
		F6F92B9A2BAE50E5005CC497 /* Extensions */ = {
			isa = PBXGroup;
			children = (
				F6F92B982BAE50E0005CC497 /* DeviceActivityMonitorExtension.swift */,
				F6F92B9B2BAE7671005CC497 /* DeviceActivityNameExtension.swift */,
			);
			path = Extensions;
			sourceTree = "<group>";
		};
/* End PBXGroup section */

/* Begin PBXNativeTarget section */
		F6187D472C0732A7007483C5 /* FlowtientDeviceActivityMonitor */ = {
			isa = PBXNativeTarget;
			buildConfigurationList = F6187D572C0732A7007483C5 /* Build configuration list for PBXNativeTarget "FlowtientDeviceActivityMonitor" */;
			buildPhases = (
				F6187D442C0732A7007483C5 /* Sources */,
				F6187D452C0732A7007483C5 /* Frameworks */,
				F6187D462C0732A7007483C5 /* Resources */,
			);
			buildRules = (
			);
			dependencies = (
			);
			name = FlowtientDeviceActivityMonitor;
			productName = FlowtientDeviceActivityMonitor;
			productReference = F6187D482C0732A7007483C5 /* FlowtientDeviceActivityMonitor.appex */;
			productType = "com.apple.product-type.app-extension";
		};
		F63071CE2C21D7230003FFC9 /* FocusSessionToDoWidgetExtension */ = {
			isa = PBXNativeTarget;
			buildConfigurationList = F63071E32C21D7250003FFC9 /* Build configuration list for PBXNativeTarget "FocusSessionToDoWidgetExtension" */;
			buildPhases = (
				F63071CB2C21D7230003FFC9 /* Sources */,
				F63071CC2C21D7230003FFC9 /* Frameworks */,
				F63071CD2C21D7230003FFC9 /* Resources */,
			);
			buildRules = (
			);
			dependencies = (
			);
			name = FocusSessionToDoWidgetExtension;
			productName = FocusSessionToDoWidgetExtension;
			productReference = F63071CF2C21D7230003FFC9 /* FocusSessionToDoWidgetExtension.appex */;
			productType = "com.apple.product-type.app-extension";
		};
		F67893AF2BA3BC3200ACA13F /* Flowtient */ = {
			isa = PBXNativeTarget;
			buildConfigurationList = F67893BE2BA3BC3500ACA13F /* Build configuration list for PBXNativeTarget "Flowtient" */;
			buildPhases = (
				F67893AC2BA3BC3200ACA13F /* Sources */,
				F67893AD2BA3BC3200ACA13F /* Frameworks */,
				F67893AE2BA3BC3200ACA13F /* Resources */,
				F6187D542C0732A7007483C5 /* Embed Foundation Extensions */,
			);
			buildRules = (
			);
			dependencies = (
				F6187D522C0732A7007483C5 /* PBXTargetDependency */,
				F63071E12C21D7250003FFC9 /* PBXTargetDependency */,
			);
			name = Flowtient;
			packageProductDependencies = (
				F63071C62C21CD980003FFC9 /* Lottie */,
			);
			productName = Flowtient;
			productReference = F67893B02BA3BC3200ACA13F /* Flowtient.app */;
			productType = "com.apple.product-type.application";
		};
/* End PBXNativeTarget section */

/* Begin PBXProject section */
		F67893A82BA3BC3200ACA13F /* Project object */ = {
			isa = PBXProject;
			attributes = {
				BuildIndependentTargetsInParallel = 1;
				LastSwiftUpdateCheck = 1500;
				LastUpgradeCheck = 1500;
				TargetAttributes = {
					F6187D472C0732A7007483C5 = {
						CreatedOnToolsVersion = 15.0;
					};
					F63071CE2C21D7230003FFC9 = {
						CreatedOnToolsVersion = 15.0;
					};
					F67893AF2BA3BC3200ACA13F = {
						CreatedOnToolsVersion = 15.0;
					};
				};
			};
			buildConfigurationList = F67893AB2BA3BC3200ACA13F /* Build configuration list for PBXProject "Flowtient" */;
			compatibilityVersion = "Xcode 14.0";
			developmentRegion = en;
			hasScannedForEncodings = 0;
			knownRegions = (
				en,
				Base,
			);
			mainGroup = F67893A72BA3BC3200ACA13F;
			packageReferences = (
				F63071C52C21CD980003FFC9 /* XCRemoteSwiftPackageReference "lottie-ios" */,
			);
			productRefGroup = F67893B12BA3BC3200ACA13F /* Products */;
			projectDirPath = "";
			projectRoot = "";
			targets = (
				F67893AF2BA3BC3200ACA13F /* Flowtient */,
				F6187D472C0732A7007483C5 /* FlowtientDeviceActivityMonitor */,
				F63071CE2C21D7230003FFC9 /* FocusSessionToDoWidgetExtension */,
			);
		};
/* End PBXProject section */

/* Begin PBXResourcesBuildPhase section */
		F6187D462C0732A7007483C5 /* Resources */ = {
			isa = PBXResourcesBuildPhase;
			buildActionMask = 2147483647;
			files = (
			);
			runOnlyForDeploymentPostprocessing = 0;
		};
		F63071CD2C21D7230003FFC9 /* Resources */ = {
			isa = PBXResourcesBuildPhase;
			buildActionMask = 2147483647;
			files = (
				F63071DE2C21D7250003FFC9 /* Assets.xcassets in Resources */,
			);
			runOnlyForDeploymentPostprocessing = 0;
		};
		F67893AE2BA3BC3200ACA13F /* Resources */ = {
			isa = PBXResourcesBuildPhase;
			buildActionMask = 2147483647;
			files = (
				F63071CA2C21D08C0003FFC9 /* LottieShield.json in Resources */,
				F68D5ADE2C246E2C00E68A29 /* CongratulationsVideo.mp4 in Resources */,
				F67893BB2BA3BC3500ACA13F /* Preview Assets.xcassets in Resources */,
				F67893B82BA3BC3500ACA13F /* Assets.xcassets in Resources */,
			);
			runOnlyForDeploymentPostprocessing = 0;
		};
/* End PBXResourcesBuildPhase section */

/* Begin PBXSourcesBuildPhase section */
		F6187D442C0732A7007483C5 /* Sources */ = {
			isa = PBXSourcesBuildPhase;
			buildActionMask = 2147483647;
			files = (
				F6187D4E2C0732A7007483C5 /* DeviceActivityMonitorExtension.swift in Sources */,
			);
			runOnlyForDeploymentPostprocessing = 0;
		};
		F63071CB2C21D7230003FFC9 /* Sources */ = {
			isa = PBXSourcesBuildPhase;
			buildActionMask = 2147483647;
			files = (
				F63071D82C21D7230003FFC9 /* FocusSessionToDoWidgetLiveActivity.swift in Sources */,
				F63071DC2C21D7230003FFC9 /* AppIntent.swift in Sources */,
				F63071DA2C21D7230003FFC9 /* FocusSessionToDoWidget.swift in Sources */,
				F63071D62C21D7230003FFC9 /* FocusSessionToDoWidgetBundle.swift in Sources */,
			);
			runOnlyForDeploymentPostprocessing = 0;
		};
		F67893AC2BA3BC3200ACA13F /* Sources */ = {
			isa = PBXSourcesBuildPhase;
			buildActionMask = 2147483647;
			files = (
				F6A264C72C136C72004D3E2A /* FocusSessionNavigationViewModel.swift in Sources */,
				F68D5ADB2C246C8400E68A29 /* VideoView.swift in Sources */,
				F67893D92BA51CB300ACA13F /* FocusAppSelectionView.swift in Sources */,
				F63071C02C20E9B00003FFC9 /* FocusSessionDetailViewModel.swift in Sources */,
				F63071C42C21CCF60003FFC9 /* LottieView.swift in Sources */,
				F63071B22C1CED880003FFC9 /* ProgressRing.swift in Sources */,
				F6F92B992BAE50E0005CC497 /* DeviceActivityMonitorExtension.swift in Sources */,
				F68E6EB92BB06C6E00754259 /* FocusAppSelectionViewModel.swift in Sources */,
				F6F92B9C2BAE7671005CC497 /* DeviceActivityNameExtension.swift in Sources */,
				F6A264C92C137358004D3E2A /* FocusSessionProgressBar.swift in Sources */,
				F67893C22BA3BC7100ACA13F /* Login.swift in Sources */,
				F67893D32BA48DC200ACA13F /* FocusIntentionSetView.swift in Sources */,
				F68E6EF92BB2876600754259 /* FocusIntentionSetViewModel.swift in Sources */,
				F68D5AD92C24680000E68A29 /* CongratulationsView.swift in Sources */,
				F67894012BA5CBAD00ACA13F /* IntentionTextFieldRow.swift in Sources */,
				F67893B62BA3BC3200ACA13F /* ContentView.swift in Sources */,
				F67894042BA7A7FD00ACA13F /* FocusSessionViewModel.swift in Sources */,
				F63071BC2C20AFB70003FFC9 /* ColouredButton.swift in Sources */,
				F67893C62BA3BDEE00ACA13F /* GreyButton.swift in Sources */,
				F67893D12BA480DD00ACA13F /* FocusTimeSetView.swift in Sources */,
				F68E6EFD2BB2D4DB00754259 /* CreateNewTagView.swift in Sources */,
				F6A264CE2C170289004D3E2A /* IntentionModel.swift in Sources */,
				F68D5AE02C2790E100E68A29 /* CongratulationsProgressRing.swift in Sources */,
				F67893C82BA446F900ACA13F /* HomeView.swift in Sources */,
				F63071C22C21011F0003FFC9 /* CircleXButton.swift in Sources */,
				F67C08912BB5115A0020751B /* FocusSessionModel.swift in Sources */,
				F6A264CC2C145B77004D3E2A /* FocusSessionManager.swift in Sources */,
				F63071B82C20419D0003FFC9 /* FocusSessionDetailView.swift in Sources */,
				F63071B42C1D005C0003FFC9 /* DayTimerManager.swift in Sources */,
				F68E6EFB2BB2D08900754259 /* IntentionTag.swift in Sources */,
				F68E6EB72BB0686200754259 /* FocusTimeSetViewModel.swift in Sources */,
				F67893B42BA3BC3200ACA13F /* FlowtientApp.swift in Sources */,
				F63071B62C1FB2910003FFC9 /* DailyProgressBar.swift in Sources */,
				F63071BA2C207F370003FFC9 /* LargeStartButton.swift in Sources */,
				F67893D72BA49A9800ACA13F /* IntentionIconCircleButton.swift in Sources */,
				F63071BE2C20E4670003FFC9 /* IntentionCheckBox.swift in Sources */,
			);
			runOnlyForDeploymentPostprocessing = 0;
		};
/* End PBXSourcesBuildPhase section */

/* Begin PBXTargetDependency section */
		F6187D522C0732A7007483C5 /* PBXTargetDependency */ = {
			isa = PBXTargetDependency;
			target = F6187D472C0732A7007483C5 /* FlowtientDeviceActivityMonitor */;
			targetProxy = F6187D512C0732A7007483C5 /* PBXContainerItemProxy */;
		};
		F63071E12C21D7250003FFC9 /* PBXTargetDependency */ = {
			isa = PBXTargetDependency;
			target = F63071CE2C21D7230003FFC9 /* FocusSessionToDoWidgetExtension */;
			targetProxy = F63071E02C21D7250003FFC9 /* PBXContainerItemProxy */;
		};
/* End PBXTargetDependency section */

/* Begin XCBuildConfiguration section */
		F6187D552C0732A7007483C5 /* Debug */ = {
			isa = XCBuildConfiguration;
			buildSettings = {
				CODE_SIGN_ENTITLEMENTS = FlowtientDeviceActivityMonitor/FlowtientDeviceActivityMonitor.entitlements;
				CODE_SIGN_STYLE = Automatic;
				CURRENT_PROJECT_VERSION = 1;
				DEVELOPMENT_TEAM = 8642GNVD2M;
				GENERATE_INFOPLIST_FILE = YES;
				INFOPLIST_FILE = FlowtientDeviceActivityMonitor/Info.plist;
				INFOPLIST_KEY_CFBundleDisplayName = FlowtientDeviceActivityMonitor;
				INFOPLIST_KEY_NSHumanReadableCopyright = "";
				LD_RUNPATH_SEARCH_PATHS = (
					"$(inherited)",
					"@executable_path/Frameworks",
					"@executable_path/../../Frameworks",
				);
				MARKETING_VERSION = 1.0;
				PRODUCT_BUNDLE_IDENTIFIER = com.shafique.Flowtient.FlowtientDeviceActivityMonitor;
				PRODUCT_NAME = "$(TARGET_NAME)";
				SKIP_INSTALL = YES;
				SWIFT_EMIT_LOC_STRINGS = YES;
				SWIFT_VERSION = 5.0;
				TARGETED_DEVICE_FAMILY = "1,2";
			};
			name = Debug;
		};
		F6187D562C0732A7007483C5 /* Release */ = {
			isa = XCBuildConfiguration;
			buildSettings = {
				CODE_SIGN_ENTITLEMENTS = FlowtientDeviceActivityMonitor/FlowtientDeviceActivityMonitor.entitlements;
				CODE_SIGN_STYLE = Automatic;
				CURRENT_PROJECT_VERSION = 1;
				DEVELOPMENT_TEAM = 8642GNVD2M;
				GENERATE_INFOPLIST_FILE = YES;
				INFOPLIST_FILE = FlowtientDeviceActivityMonitor/Info.plist;
				INFOPLIST_KEY_CFBundleDisplayName = FlowtientDeviceActivityMonitor;
				INFOPLIST_KEY_NSHumanReadableCopyright = "";
				LD_RUNPATH_SEARCH_PATHS = (
					"$(inherited)",
					"@executable_path/Frameworks",
					"@executable_path/../../Frameworks",
				);
				MARKETING_VERSION = 1.0;
				PRODUCT_BUNDLE_IDENTIFIER = com.shafique.Flowtient.FlowtientDeviceActivityMonitor;
				PRODUCT_NAME = "$(TARGET_NAME)";
				SKIP_INSTALL = YES;
				SWIFT_EMIT_LOC_STRINGS = YES;
				SWIFT_VERSION = 5.0;
				TARGETED_DEVICE_FAMILY = "1,2";
			};
			name = Release;
		};
		F63071E42C21D7250003FFC9 /* Debug */ = {
			isa = XCBuildConfiguration;
			buildSettings = {
				ASSETCATALOG_COMPILER_GLOBAL_ACCENT_COLOR_NAME = AccentColor;
				ASSETCATALOG_COMPILER_WIDGET_BACKGROUND_COLOR_NAME = WidgetBackground;
				CODE_SIGN_STYLE = Automatic;
				CURRENT_PROJECT_VERSION = 1;
				DEVELOPMENT_TEAM = 8642GNVD2M;
				GENERATE_INFOPLIST_FILE = YES;
				INFOPLIST_FILE = FocusSessionToDoWidget/Info.plist;
				INFOPLIST_KEY_CFBundleDisplayName = FocusSessionToDoWidget;
				INFOPLIST_KEY_NSHumanReadableCopyright = "";
				LD_RUNPATH_SEARCH_PATHS = (
					"$(inherited)",
					"@executable_path/Frameworks",
					"@executable_path/../../Frameworks",
				);
				MARKETING_VERSION = 1.0;
				PRODUCT_BUNDLE_IDENTIFIER = com.shafique.Flowtient.FocusSessionToDoWidget;
				PRODUCT_NAME = "$(TARGET_NAME)";
				SKIP_INSTALL = YES;
				SWIFT_EMIT_LOC_STRINGS = YES;
				SWIFT_VERSION = 5.0;
				TARGETED_DEVICE_FAMILY = "1,2";
			};
			name = Debug;
		};
		F63071E52C21D7250003FFC9 /* Release */ = {
			isa = XCBuildConfiguration;
			buildSettings = {
				ASSETCATALOG_COMPILER_GLOBAL_ACCENT_COLOR_NAME = AccentColor;
				ASSETCATALOG_COMPILER_WIDGET_BACKGROUND_COLOR_NAME = WidgetBackground;
				CODE_SIGN_STYLE = Automatic;
				CURRENT_PROJECT_VERSION = 1;
				DEVELOPMENT_TEAM = 8642GNVD2M;
				GENERATE_INFOPLIST_FILE = YES;
				INFOPLIST_FILE = FocusSessionToDoWidget/Info.plist;
				INFOPLIST_KEY_CFBundleDisplayName = FocusSessionToDoWidget;
				INFOPLIST_KEY_NSHumanReadableCopyright = "";
				LD_RUNPATH_SEARCH_PATHS = (
					"$(inherited)",
					"@executable_path/Frameworks",
					"@executable_path/../../Frameworks",
				);
				MARKETING_VERSION = 1.0;
				PRODUCT_BUNDLE_IDENTIFIER = com.shafique.Flowtient.FocusSessionToDoWidget;
				PRODUCT_NAME = "$(TARGET_NAME)";
				SKIP_INSTALL = YES;
				SWIFT_EMIT_LOC_STRINGS = YES;
				SWIFT_VERSION = 5.0;
				TARGETED_DEVICE_FAMILY = "1,2";
			};
			name = Release;
		};
		F67893BC2BA3BC3500ACA13F /* Debug */ = {
			isa = XCBuildConfiguration;
			buildSettings = {
				ALWAYS_SEARCH_USER_PATHS = NO;
				ASSETCATALOG_COMPILER_GENERATE_SWIFT_ASSET_SYMBOL_EXTENSIONS = YES;
				CLANG_ANALYZER_NONNULL = YES;
				CLANG_ANALYZER_NUMBER_OBJECT_CONVERSION = YES_AGGRESSIVE;
				CLANG_CXX_LANGUAGE_STANDARD = "gnu++20";
				CLANG_ENABLE_MODULES = YES;
				CLANG_ENABLE_OBJC_ARC = YES;
				CLANG_ENABLE_OBJC_WEAK = YES;
				CLANG_WARN_BLOCK_CAPTURE_AUTORELEASING = YES;
				CLANG_WARN_BOOL_CONVERSION = YES;
				CLANG_WARN_COMMA = YES;
				CLANG_WARN_CONSTANT_CONVERSION = YES;
				CLANG_WARN_DEPRECATED_OBJC_IMPLEMENTATIONS = YES;
				CLANG_WARN_DIRECT_OBJC_ISA_USAGE = YES_ERROR;
				CLANG_WARN_DOCUMENTATION_COMMENTS = YES;
				CLANG_WARN_EMPTY_BODY = YES;
				CLANG_WARN_ENUM_CONVERSION = YES;
				CLANG_WARN_INFINITE_RECURSION = YES;
				CLANG_WARN_INT_CONVERSION = YES;
				CLANG_WARN_NON_LITERAL_NULL_CONVERSION = YES;
				CLANG_WARN_OBJC_IMPLICIT_RETAIN_SELF = YES;
				CLANG_WARN_OBJC_LITERAL_CONVERSION = YES;
				CLANG_WARN_OBJC_ROOT_CLASS = YES_ERROR;
				CLANG_WARN_QUOTED_INCLUDE_IN_FRAMEWORK_HEADER = YES;
				CLANG_WARN_RANGE_LOOP_ANALYSIS = YES;
				CLANG_WARN_STRICT_PROTOTYPES = YES;
				CLANG_WARN_SUSPICIOUS_MOVE = YES;
				CLANG_WARN_UNGUARDED_AVAILABILITY = YES_AGGRESSIVE;
				CLANG_WARN_UNREACHABLE_CODE = YES;
				CLANG_WARN__DUPLICATE_METHOD_MATCH = YES;
				COPY_PHASE_STRIP = NO;
				DEBUG_INFORMATION_FORMAT = dwarf;
				ENABLE_STRICT_OBJC_MSGSEND = YES;
				ENABLE_TESTABILITY = YES;
				ENABLE_USER_SCRIPT_SANDBOXING = YES;
				GCC_C_LANGUAGE_STANDARD = gnu17;
				GCC_DYNAMIC_NO_PIC = NO;
				GCC_NO_COMMON_BLOCKS = YES;
				GCC_OPTIMIZATION_LEVEL = 0;
				GCC_PREPROCESSOR_DEFINITIONS = (
					"DEBUG=1",
					"$(inherited)",
				);
				GCC_WARN_64_TO_32_BIT_CONVERSION = YES;
				GCC_WARN_ABOUT_RETURN_TYPE = YES_ERROR;
				GCC_WARN_UNDECLARED_SELECTOR = YES;
				GCC_WARN_UNINITIALIZED_AUTOS = YES_AGGRESSIVE;
				GCC_WARN_UNUSED_FUNCTION = YES;
				GCC_WARN_UNUSED_VARIABLE = YES;
				IPHONEOS_DEPLOYMENT_TARGET = 17.0;
				LOCALIZATION_PREFERS_STRING_CATALOGS = YES;
				MTL_ENABLE_DEBUG_INFO = INCLUDE_SOURCE;
				MTL_FAST_MATH = YES;
				ONLY_ACTIVE_ARCH = YES;
				SDKROOT = iphoneos;
				SWIFT_ACTIVE_COMPILATION_CONDITIONS = "DEBUG $(inherited)";
				SWIFT_OPTIMIZATION_LEVEL = "-Onone";
			};
			name = Debug;
		};
		F67893BD2BA3BC3500ACA13F /* Release */ = {
			isa = XCBuildConfiguration;
			buildSettings = {
				ALWAYS_SEARCH_USER_PATHS = NO;
				ASSETCATALOG_COMPILER_GENERATE_SWIFT_ASSET_SYMBOL_EXTENSIONS = YES;
				CLANG_ANALYZER_NONNULL = YES;
				CLANG_ANALYZER_NUMBER_OBJECT_CONVERSION = YES_AGGRESSIVE;
				CLANG_CXX_LANGUAGE_STANDARD = "gnu++20";
				CLANG_ENABLE_MODULES = YES;
				CLANG_ENABLE_OBJC_ARC = YES;
				CLANG_ENABLE_OBJC_WEAK = YES;
				CLANG_WARN_BLOCK_CAPTURE_AUTORELEASING = YES;
				CLANG_WARN_BOOL_CONVERSION = YES;
				CLANG_WARN_COMMA = YES;
				CLANG_WARN_CONSTANT_CONVERSION = YES;
				CLANG_WARN_DEPRECATED_OBJC_IMPLEMENTATIONS = YES;
				CLANG_WARN_DIRECT_OBJC_ISA_USAGE = YES_ERROR;
				CLANG_WARN_DOCUMENTATION_COMMENTS = YES;
				CLANG_WARN_EMPTY_BODY = YES;
				CLANG_WARN_ENUM_CONVERSION = YES;
				CLANG_WARN_INFINITE_RECURSION = YES;
				CLANG_WARN_INT_CONVERSION = YES;
				CLANG_WARN_NON_LITERAL_NULL_CONVERSION = YES;
				CLANG_WARN_OBJC_IMPLICIT_RETAIN_SELF = YES;
				CLANG_WARN_OBJC_LITERAL_CONVERSION = YES;
				CLANG_WARN_OBJC_ROOT_CLASS = YES_ERROR;
				CLANG_WARN_QUOTED_INCLUDE_IN_FRAMEWORK_HEADER = YES;
				CLANG_WARN_RANGE_LOOP_ANALYSIS = YES;
				CLANG_WARN_STRICT_PROTOTYPES = YES;
				CLANG_WARN_SUSPICIOUS_MOVE = YES;
				CLANG_WARN_UNGUARDED_AVAILABILITY = YES_AGGRESSIVE;
				CLANG_WARN_UNREACHABLE_CODE = YES;
				CLANG_WARN__DUPLICATE_METHOD_MATCH = YES;
				COPY_PHASE_STRIP = NO;
				DEBUG_INFORMATION_FORMAT = "dwarf-with-dsym";
				ENABLE_NS_ASSERTIONS = NO;
				ENABLE_STRICT_OBJC_MSGSEND = YES;
				ENABLE_USER_SCRIPT_SANDBOXING = YES;
				GCC_C_LANGUAGE_STANDARD = gnu17;
				GCC_NO_COMMON_BLOCKS = YES;
				GCC_WARN_64_TO_32_BIT_CONVERSION = YES;
				GCC_WARN_ABOUT_RETURN_TYPE = YES_ERROR;
				GCC_WARN_UNDECLARED_SELECTOR = YES;
				GCC_WARN_UNINITIALIZED_AUTOS = YES_AGGRESSIVE;
				GCC_WARN_UNUSED_FUNCTION = YES;
				GCC_WARN_UNUSED_VARIABLE = YES;
				IPHONEOS_DEPLOYMENT_TARGET = 17.0;
				LOCALIZATION_PREFERS_STRING_CATALOGS = YES;
				MTL_ENABLE_DEBUG_INFO = NO;
				MTL_FAST_MATH = YES;
				SDKROOT = iphoneos;
				SWIFT_COMPILATION_MODE = wholemodule;
				VALIDATE_PRODUCT = YES;
			};
			name = Release;
		};
		F67893BF2BA3BC3500ACA13F /* Debug */ = {
			isa = XCBuildConfiguration;
			buildSettings = {
				ALWAYS_EMBED_SWIFT_STANDARD_LIBRARIES = YES;
				ASSETCATALOG_COMPILER_APPICON_NAME = AppIcon;
				ASSETCATALOG_COMPILER_GLOBAL_ACCENT_COLOR_NAME = AccentColor;
				CODE_SIGN_ENTITLEMENTS = Flowtient/Flowtient.entitlements;
				CODE_SIGN_STYLE = Automatic;
				CURRENT_PROJECT_VERSION = 1;
				DEVELOPMENT_ASSET_PATHS = "\"Flowtient/Preview Content\"";
				DEVELOPMENT_TEAM = 8642GNVD2M;
				ENABLE_PREVIEWS = YES;
				GENERATE_INFOPLIST_FILE = YES;
				INFOPLIST_KEY_UIApplicationSceneManifest_Generation = YES;
				INFOPLIST_KEY_UIApplicationSupportsIndirectInputEvents = YES;
				INFOPLIST_KEY_UILaunchScreen_Generation = YES;
				INFOPLIST_KEY_UISupportedInterfaceOrientations = UIInterfaceOrientationPortrait;
				INFOPLIST_KEY_UISupportedInterfaceOrientations_iPad = "UIInterfaceOrientationLandscapeLeft UIInterfaceOrientationLandscapeRight UIInterfaceOrientationPortrait UIInterfaceOrientationPortraitUpsideDown";
				LD_RUNPATH_SEARCH_PATHS = (
					"$(inherited)",
					"@executable_path/Frameworks",
				);
				MARKETING_VERSION = 1.0;
				PRODUCT_BUNDLE_IDENTIFIER = com.shafique.Flowtient;
				PRODUCT_NAME = "$(TARGET_NAME)";
				SWIFT_EMIT_LOC_STRINGS = YES;
				SWIFT_VERSION = 5.0;
				TARGETED_DEVICE_FAMILY = "1,2";
			};
			name = Debug;
		};
		F67893C02BA3BC3500ACA13F /* Release */ = {
			isa = XCBuildConfiguration;
			buildSettings = {
				ALWAYS_EMBED_SWIFT_STANDARD_LIBRARIES = YES;
				ASSETCATALOG_COMPILER_APPICON_NAME = AppIcon;
				ASSETCATALOG_COMPILER_GLOBAL_ACCENT_COLOR_NAME = AccentColor;
				CODE_SIGN_ENTITLEMENTS = Flowtient/Flowtient.entitlements;
				CODE_SIGN_STYLE = Automatic;
				CURRENT_PROJECT_VERSION = 1;
				DEVELOPMENT_ASSET_PATHS = "\"Flowtient/Preview Content\"";
				DEVELOPMENT_TEAM = 8642GNVD2M;
				ENABLE_PREVIEWS = YES;
				GENERATE_INFOPLIST_FILE = YES;
				INFOPLIST_KEY_UIApplicationSceneManifest_Generation = YES;
				INFOPLIST_KEY_UIApplicationSupportsIndirectInputEvents = YES;
				INFOPLIST_KEY_UILaunchScreen_Generation = YES;
				INFOPLIST_KEY_UISupportedInterfaceOrientations = UIInterfaceOrientationPortrait;
				INFOPLIST_KEY_UISupportedInterfaceOrientations_iPad = "UIInterfaceOrientationLandscapeLeft UIInterfaceOrientationLandscapeRight UIInterfaceOrientationPortrait UIInterfaceOrientationPortraitUpsideDown";
				LD_RUNPATH_SEARCH_PATHS = (
					"$(inherited)",
					"@executable_path/Frameworks",
				);
				MARKETING_VERSION = 1.0;
				PRODUCT_BUNDLE_IDENTIFIER = com.shafique.Flowtient;
				PRODUCT_NAME = "$(TARGET_NAME)";
				SWIFT_EMIT_LOC_STRINGS = YES;
				SWIFT_VERSION = 5.0;
				TARGETED_DEVICE_FAMILY = "1,2";
			};
			name = Release;
		};
/* End XCBuildConfiguration section */

/* Begin XCConfigurationList section */
		F6187D572C0732A7007483C5 /* Build configuration list for PBXNativeTarget "FlowtientDeviceActivityMonitor" */ = {
			isa = XCConfigurationList;
			buildConfigurations = (
				F6187D552C0732A7007483C5 /* Debug */,
				F6187D562C0732A7007483C5 /* Release */,
			);
			defaultConfigurationIsVisible = 0;
			defaultConfigurationName = Release;
		};
		F63071E32C21D7250003FFC9 /* Build configuration list for PBXNativeTarget "FocusSessionToDoWidgetExtension" */ = {
			isa = XCConfigurationList;
			buildConfigurations = (
				F63071E42C21D7250003FFC9 /* Debug */,
				F63071E52C21D7250003FFC9 /* Release */,
			);
			defaultConfigurationIsVisible = 0;
			defaultConfigurationName = Release;
		};
		F67893AB2BA3BC3200ACA13F /* Build configuration list for PBXProject "Flowtient" */ = {
			isa = XCConfigurationList;
			buildConfigurations = (
				F67893BC2BA3BC3500ACA13F /* Debug */,
				F67893BD2BA3BC3500ACA13F /* Release */,
			);
			defaultConfigurationIsVisible = 0;
			defaultConfigurationName = Release;
		};
		F67893BE2BA3BC3500ACA13F /* Build configuration list for PBXNativeTarget "Flowtient" */ = {
			isa = XCConfigurationList;
			buildConfigurations = (
				F67893BF2BA3BC3500ACA13F /* Debug */,
				F67893C02BA3BC3500ACA13F /* Release */,
			);
			defaultConfigurationIsVisible = 0;
			defaultConfigurationName = Release;
		};
/* End XCConfigurationList section */

/* Begin XCRemoteSwiftPackageReference section */
		F63071C52C21CD980003FFC9 /* XCRemoteSwiftPackageReference "lottie-ios" */ = {
			isa = XCRemoteSwiftPackageReference;
			repositoryURL = "https://github.com/airbnb/lottie-ios";
			requirement = {
				kind = upToNextMajorVersion;
				minimumVersion = 4.4.3;
			};
		};
/* End XCRemoteSwiftPackageReference section */

/* Begin XCSwiftPackageProductDependency section */
		F63071C62C21CD980003FFC9 /* Lottie */ = {
			isa = XCSwiftPackageProductDependency;
			package = F63071C52C21CD980003FFC9 /* XCRemoteSwiftPackageReference "lottie-ios" */;
			productName = Lottie;
		};
/* End XCSwiftPackageProductDependency section */
	};
	rootObject = F67893A82BA3BC3200ACA13F /* Project object */;
}
