// !$*UTF8*$!
{
	archiveVersion = 1;
	classes = {
	};
	objectVersion = 56;
	objects = {

/* Begin PBXBuildFile section */
		F67893B42BA3BC3200ACA13F /* FlowtientApp.swift in Sources */ = {isa = PBXBuildFile; fileRef = F67893B32BA3BC3200ACA13F /* FlowtientApp.swift */; };
		F67893B62BA3BC3200ACA13F /* ContentView.swift in Sources */ = {isa = PBXBuildFile; fileRef = F67893B52BA3BC3200ACA13F /* ContentView.swift */; };
		F67893B82BA3BC3500ACA13F /* Assets.xcassets in Resources */ = {isa = PBXBuildFile; fileRef = F67893B72BA3BC3500ACA13F /* Assets.xcassets */; };
		F67893BB2BA3BC3500ACA13F /* Preview Assets.xcassets in Resources */ = {isa = PBXBuildFile; fileRef = F67893BA2BA3BC3500ACA13F /* Preview Assets.xcassets */; };
		F67893C22BA3BC7100ACA13F /* Login.swift in Sources */ = {isa = PBXBuildFile; fileRef = F67893C12BA3BC7100ACA13F /* Login.swift */; };
		F67893C62BA3BDEE00ACA13F /* PrimaryButton.swift in Sources */ = {isa = PBXBuildFile; fileRef = F67893C52BA3BDEE00ACA13F /* PrimaryButton.swift */; };
		F67893C82BA446F900ACA13F /* HomeView.swift in Sources */ = {isa = PBXBuildFile; fileRef = F67893C72BA446F900ACA13F /* HomeView.swift */; };
		F67893D12BA480DD00ACA13F /* FocusTimeSetView.swift in Sources */ = {isa = PBXBuildFile; fileRef = F67893D02BA480DD00ACA13F /* FocusTimeSetView.swift */; };
		F67893D32BA48DC200ACA13F /* FocusIntentionSetView.swift in Sources */ = {isa = PBXBuildFile; fileRef = F67893D22BA48DC200ACA13F /* FocusIntentionSetView.swift */; };
		F67893D72BA49A9800ACA13F /* IntentionIconCircleButton.swift in Sources */ = {isa = PBXBuildFile; fileRef = F67893D62BA49A9800ACA13F /* IntentionIconCircleButton.swift */; };
		F67893D92BA51CB300ACA13F /* FocusAppSelectionView.swift in Sources */ = {isa = PBXBuildFile; fileRef = F67893D82BA51CB300ACA13F /* FocusAppSelectionView.swift */; };
		F67894012BA5CBAD00ACA13F /* IntentionTextFieldRow.swift in Sources */ = {isa = PBXBuildFile; fileRef = F67894002BA5CBAD00ACA13F /* IntentionTextFieldRow.swift */; };
		F67894042BA7A7FD00ACA13F /* FocusSessionViewModel.swift in Sources */ = {isa = PBXBuildFile; fileRef = F67894032BA7A7FD00ACA13F /* FocusSessionViewModel.swift */; };
		F68E6EB72BB0686200754259 /* FocusTimeSetViewModel.swift in Sources */ = {isa = PBXBuildFile; fileRef = F68E6EB62BB0686200754259 /* FocusTimeSetViewModel.swift */; };
		F68E6EB92BB06C6E00754259 /* FocusAppSelectionViewModel.swift in Sources */ = {isa = PBXBuildFile; fileRef = F68E6EB82BB06C6E00754259 /* FocusAppSelectionViewModel.swift */; };
		F6F92B992BAE50E0005CC497 /* DeviceActivityMonitorExtension.swift in Sources */ = {isa = PBXBuildFile; fileRef = F6F92B982BAE50E0005CC497 /* DeviceActivityMonitorExtension.swift */; };
		F6F92B9C2BAE7671005CC497 /* DeviceActivityNameExtension.swift in Sources */ = {isa = PBXBuildFile; fileRef = F6F92B9B2BAE7671005CC497 /* DeviceActivityNameExtension.swift */; };
/* End PBXBuildFile section */

/* Begin PBXFileReference section */
		F67893B02BA3BC3200ACA13F /* Flowtient.app */ = {isa = PBXFileReference; explicitFileType = wrapper.application; includeInIndex = 0; path = Flowtient.app; sourceTree = BUILT_PRODUCTS_DIR; };
		F67893B32BA3BC3200ACA13F /* FlowtientApp.swift */ = {isa = PBXFileReference; lastKnownFileType = sourcecode.swift; path = FlowtientApp.swift; sourceTree = "<group>"; };
		F67893B52BA3BC3200ACA13F /* ContentView.swift */ = {isa = PBXFileReference; lastKnownFileType = sourcecode.swift; path = ContentView.swift; sourceTree = "<group>"; };
		F67893B72BA3BC3500ACA13F /* Assets.xcassets */ = {isa = PBXFileReference; lastKnownFileType = folder.assetcatalog; path = Assets.xcassets; sourceTree = "<group>"; };
		F67893BA2BA3BC3500ACA13F /* Preview Assets.xcassets */ = {isa = PBXFileReference; lastKnownFileType = folder.assetcatalog; path = "Preview Assets.xcassets"; sourceTree = "<group>"; };
		F67893C12BA3BC7100ACA13F /* Login.swift */ = {isa = PBXFileReference; lastKnownFileType = sourcecode.swift; path = Login.swift; sourceTree = "<group>"; };
		F67893C52BA3BDEE00ACA13F /* PrimaryButton.swift */ = {isa = PBXFileReference; lastKnownFileType = sourcecode.swift; path = PrimaryButton.swift; sourceTree = "<group>"; };
		F67893C72BA446F900ACA13F /* HomeView.swift */ = {isa = PBXFileReference; lastKnownFileType = sourcecode.swift; path = HomeView.swift; sourceTree = "<group>"; };
		F67893D02BA480DD00ACA13F /* FocusTimeSetView.swift */ = {isa = PBXFileReference; lastKnownFileType = sourcecode.swift; path = FocusTimeSetView.swift; sourceTree = "<group>"; };
		F67893D22BA48DC200ACA13F /* FocusIntentionSetView.swift */ = {isa = PBXFileReference; lastKnownFileType = sourcecode.swift; path = FocusIntentionSetView.swift; sourceTree = "<group>"; };
		F67893D62BA49A9800ACA13F /* IntentionIconCircleButton.swift */ = {isa = PBXFileReference; lastKnownFileType = sourcecode.swift; path = IntentionIconCircleButton.swift; sourceTree = "<group>"; };
		F67893D82BA51CB300ACA13F /* FocusAppSelectionView.swift */ = {isa = PBXFileReference; lastKnownFileType = sourcecode.swift; path = FocusAppSelectionView.swift; sourceTree = "<group>"; };
		F67894002BA5CBAD00ACA13F /* IntentionTextFieldRow.swift */ = {isa = PBXFileReference; lastKnownFileType = sourcecode.swift; path = IntentionTextFieldRow.swift; sourceTree = "<group>"; };
		F67894032BA7A7FD00ACA13F /* FocusSessionViewModel.swift */ = {isa = PBXFileReference; lastKnownFileType = sourcecode.swift; path = FocusSessionViewModel.swift; sourceTree = "<group>"; };
		F678940E2BAD080000ACA13F /* Flowtient.entitlements */ = {isa = PBXFileReference; lastKnownFileType = text.plist.entitlements; path = Flowtient.entitlements; sourceTree = "<group>"; };
		F68E6EB62BB0686200754259 /* FocusTimeSetViewModel.swift */ = {isa = PBXFileReference; lastKnownFileType = sourcecode.swift; path = FocusTimeSetViewModel.swift; sourceTree = "<group>"; };
		F68E6EB82BB06C6E00754259 /* FocusAppSelectionViewModel.swift */ = {isa = PBXFileReference; lastKnownFileType = sourcecode.swift; path = FocusAppSelectionViewModel.swift; sourceTree = "<group>"; };
		F6F92B982BAE50E0005CC497 /* DeviceActivityMonitorExtension.swift */ = {isa = PBXFileReference; lastKnownFileType = sourcecode.swift; path = DeviceActivityMonitorExtension.swift; sourceTree = "<group>"; };
		F6F92B9B2BAE7671005CC497 /* DeviceActivityNameExtension.swift */ = {isa = PBXFileReference; lastKnownFileType = sourcecode.swift; path = DeviceActivityNameExtension.swift; sourceTree = "<group>"; };
/* End PBXFileReference section */

/* Begin PBXFrameworksBuildPhase section */
		F67893AD2BA3BC3200ACA13F /* Frameworks */ = {
			isa = PBXFrameworksBuildPhase;
			buildActionMask = 2147483647;
			files = (
			);
			runOnlyForDeploymentPostprocessing = 0;
		};
/* End PBXFrameworksBuildPhase section */

/* Begin PBXGroup section */
		F67893A72BA3BC3200ACA13F = {
			isa = PBXGroup;
			children = (
				F67893B22BA3BC3200ACA13F /* Flowtient */,
				F67893B12BA3BC3200ACA13F /* Products */,
			);
			sourceTree = "<group>";
		};
		F67893B12BA3BC3200ACA13F /* Products */ = {
			isa = PBXGroup;
			children = (
				F67893B02BA3BC3200ACA13F /* Flowtient.app */,
			);
			name = Products;
			sourceTree = "<group>";
		};
		F67893B22BA3BC3200ACA13F /* Flowtient */ = {
			isa = PBXGroup;
			children = (
				F678940E2BAD080000ACA13F /* Flowtient.entitlements */,
				F67894022BA79B4300ACA13F /* Models */,
				F67893D42BA4968100ACA13F /* ViewModels */,
				F67893CF2BA480C300ACA13F /* Views */,
				F67893CA2BA46DCE00ACA13F /* Services */,
				F67893C42BA3BDCE00ACA13F /* Components */,
				F67893C32BA3BC7500ACA13F /* Auth */,
				F6F92B9A2BAE50E5005CC497 /* Extensions */,
				F67893B52BA3BC3200ACA13F /* ContentView.swift */,
				F67893B32BA3BC3200ACA13F /* FlowtientApp.swift */,
				F67893B72BA3BC3500ACA13F /* Assets.xcassets */,
				F67893B92BA3BC3500ACA13F /* Preview Content */,
				F67893C72BA446F900ACA13F /* HomeView.swift */,
			);
			path = Flowtient;
			sourceTree = "<group>";
		};
		F67893B92BA3BC3500ACA13F /* Preview Content */ = {
			isa = PBXGroup;
			children = (
				F67893BA2BA3BC3500ACA13F /* Preview Assets.xcassets */,
			);
			path = "Preview Content";
			sourceTree = "<group>";
		};
		F67893C32BA3BC7500ACA13F /* Auth */ = {
			isa = PBXGroup;
			children = (
				F67893C12BA3BC7100ACA13F /* Login.swift */,
			);
			path = Auth;
			sourceTree = "<group>";
		};
		F67893C42BA3BDCE00ACA13F /* Components */ = {
			isa = PBXGroup;
			children = (
				F67893C52BA3BDEE00ACA13F /* PrimaryButton.swift */,
				F67893D62BA49A9800ACA13F /* IntentionIconCircleButton.swift */,
				F67894002BA5CBAD00ACA13F /* IntentionTextFieldRow.swift */,
			);
			path = Components;
			sourceTree = "<group>";
		};
		F67893CA2BA46DCE00ACA13F /* Services */ = {
			isa = PBXGroup;
			children = (
			);
			path = Services;
			sourceTree = "<group>";
		};
		F67893CF2BA480C300ACA13F /* Views */ = {
			isa = PBXGroup;
			children = (
				F67893D02BA480DD00ACA13F /* FocusTimeSetView.swift */,
				F67893D22BA48DC200ACA13F /* FocusIntentionSetView.swift */,
				F67893D82BA51CB300ACA13F /* FocusAppSelectionView.swift */,
			);
			path = Views;
			sourceTree = "<group>";
		};
		F67893D42BA4968100ACA13F /* ViewModels */ = {
			isa = PBXGroup;
			children = (
				F67894032BA7A7FD00ACA13F /* FocusSessionViewModel.swift */,
				F68E6EB62BB0686200754259 /* FocusTimeSetViewModel.swift */,
				F68E6EB82BB06C6E00754259 /* FocusAppSelectionViewModel.swift */,
			);
			path = ViewModels;
			sourceTree = "<group>";
		};
		F67894022BA79B4300ACA13F /* Models */ = {
			isa = PBXGroup;
			children = (
			);
			path = Models;
			sourceTree = "<group>";
		};
		F6F92B9A2BAE50E5005CC497 /* Extensions */ = {
			isa = PBXGroup;
			children = (
				F6F92B982BAE50E0005CC497 /* DeviceActivityMonitorExtension.swift */,
				F6F92B9B2BAE7671005CC497 /* DeviceActivityNameExtension.swift */,
			);
			path = Extensions;
			sourceTree = "<group>";
		};
/* End PBXGroup section */

/* Begin PBXNativeTarget section */
		F67893AF2BA3BC3200ACA13F /* Flowtient */ = {
			isa = PBXNativeTarget;
			buildConfigurationList = F67893BE2BA3BC3500ACA13F /* Build configuration list for PBXNativeTarget "Flowtient" */;
			buildPhases = (
				F67893AC2BA3BC3200ACA13F /* Sources */,
				F67893AD2BA3BC3200ACA13F /* Frameworks */,
				F67893AE2BA3BC3200ACA13F /* Resources */,
			);
			buildRules = (
			);
			dependencies = (
			);
			name = Flowtient;
			productName = Flowtient;
			productReference = F67893B02BA3BC3200ACA13F /* Flowtient.app */;
			productType = "com.apple.product-type.application";
		};
/* End PBXNativeTarget section */

/* Begin PBXProject section */
		F67893A82BA3BC3200ACA13F /* Project object */ = {
			isa = PBXProject;
			attributes = {
				BuildIndependentTargetsInParallel = 1;
				LastSwiftUpdateCheck = 1500;
				LastUpgradeCheck = 1500;
				TargetAttributes = {
					F67893AF2BA3BC3200ACA13F = {
						CreatedOnToolsVersion = 15.0;
					};
				};
			};
			buildConfigurationList = F67893AB2BA3BC3200ACA13F /* Build configuration list for PBXProject "Flowtient" */;
			compatibilityVersion = "Xcode 14.0";
			developmentRegion = en;
			hasScannedForEncodings = 0;
			knownRegions = (
				en,
				Base,
			);
			mainGroup = F67893A72BA3BC3200ACA13F;
			productRefGroup = F67893B12BA3BC3200ACA13F /* Products */;
			projectDirPath = "";
			projectRoot = "";
			targets = (
				F67893AF2BA3BC3200ACA13F /* Flowtient */,
			);
		};
/* End PBXProject section */

/* Begin PBXResourcesBuildPhase section */
		F67893AE2BA3BC3200ACA13F /* Resources */ = {
			isa = PBXResourcesBuildPhase;
			buildActionMask = 2147483647;
			files = (
				F67893BB2BA3BC3500ACA13F /* Preview Assets.xcassets in Resources */,
				F67893B82BA3BC3500ACA13F /* Assets.xcassets in Resources */,
			);
			runOnlyForDeploymentPostprocessing = 0;
		};
/* End PBXResourcesBuildPhase section */

/* Begin PBXSourcesBuildPhase section */
		F67893AC2BA3BC3200ACA13F /* Sources */ = {
			isa = PBXSourcesBuildPhase;
			buildActionMask = 2147483647;
			files = (
				F67893D92BA51CB300ACA13F /* FocusAppSelectionView.swift in Sources */,
				F6F92B992BAE50E0005CC497 /* DeviceActivityMonitorExtension.swift in Sources */,
				F68E6EB92BB06C6E00754259 /* FocusAppSelectionViewModel.swift in Sources */,
				F6F92B9C2BAE7671005CC497 /* DeviceActivityNameExtension.swift in Sources */,
				F67893C22BA3BC7100ACA13F /* Login.swift in Sources */,
				F67893D32BA48DC200ACA13F /* FocusIntentionSetView.swift in Sources */,
				F67894012BA5CBAD00ACA13F /* IntentionTextFieldRow.swift in Sources */,
				F67893B62BA3BC3200ACA13F /* ContentView.swift in Sources */,
				F67894042BA7A7FD00ACA13F /* FocusSessionViewModel.swift in Sources */,
				F67893C62BA3BDEE00ACA13F /* PrimaryButton.swift in Sources */,
				F67893D12BA480DD00ACA13F /* FocusTimeSetView.swift in Sources */,
				F67893C82BA446F900ACA13F /* HomeView.swift in Sources */,
				F68E6EB72BB0686200754259 /* FocusTimeSetViewModel.swift in Sources */,
				F67893B42BA3BC3200ACA13F /* FlowtientApp.swift in Sources */,
				F67893D72BA49A9800ACA13F /* IntentionIconCircleButton.swift in Sources */,
			);
			runOnlyForDeploymentPostprocessing = 0;
		};
/* End PBXSourcesBuildPhase section */

/* Begin XCBuildConfiguration section */
		F67893BC2BA3BC3500ACA13F /* Debug */ = {
			isa = XCBuildConfiguration;
			buildSettings = {
				ALWAYS_SEARCH_USER_PATHS = NO;
				ASSETCATALOG_COMPILER_GENERATE_SWIFT_ASSET_SYMBOL_EXTENSIONS = YES;
				CLANG_ANALYZER_NONNULL = YES;
				CLANG_ANALYZER_NUMBER_OBJECT_CONVERSION = YES_AGGRESSIVE;
				CLANG_CXX_LANGUAGE_STANDARD = "gnu++20";
				CLANG_ENABLE_MODULES = YES;
				CLANG_ENABLE_OBJC_ARC = YES;
				CLANG_ENABLE_OBJC_WEAK = YES;
				CLANG_WARN_BLOCK_CAPTURE_AUTORELEASING = YES;
				CLANG_WARN_BOOL_CONVERSION = YES;
				CLANG_WARN_COMMA = YES;
				CLANG_WARN_CONSTANT_CONVERSION = YES;
				CLANG_WARN_DEPRECATED_OBJC_IMPLEMENTATIONS = YES;
				CLANG_WARN_DIRECT_OBJC_ISA_USAGE = YES_ERROR;
				CLANG_WARN_DOCUMENTATION_COMMENTS = YES;
				CLANG_WARN_EMPTY_BODY = YES;
				CLANG_WARN_ENUM_CONVERSION = YES;
				CLANG_WARN_INFINITE_RECURSION = YES;
				CLANG_WARN_INT_CONVERSION = YES;
				CLANG_WARN_NON_LITERAL_NULL_CONVERSION = YES;
				CLANG_WARN_OBJC_IMPLICIT_RETAIN_SELF = YES;
				CLANG_WARN_OBJC_LITERAL_CONVERSION = YES;
				CLANG_WARN_OBJC_ROOT_CLASS = YES_ERROR;
				CLANG_WARN_QUOTED_INCLUDE_IN_FRAMEWORK_HEADER = YES;
				CLANG_WARN_RANGE_LOOP_ANALYSIS = YES;
				CLANG_WARN_STRICT_PROTOTYPES = YES;
				CLANG_WARN_SUSPICIOUS_MOVE = YES;
				CLANG_WARN_UNGUARDED_AVAILABILITY = YES_AGGRESSIVE;
				CLANG_WARN_UNREACHABLE_CODE = YES;
				CLANG_WARN__DUPLICATE_METHOD_MATCH = YES;
				COPY_PHASE_STRIP = NO;
				DEBUG_INFORMATION_FORMAT = dwarf;
				ENABLE_STRICT_OBJC_MSGSEND = YES;
				ENABLE_TESTABILITY = YES;
				ENABLE_USER_SCRIPT_SANDBOXING = YES;
				GCC_C_LANGUAGE_STANDARD = gnu17;
				GCC_DYNAMIC_NO_PIC = NO;
				GCC_NO_COMMON_BLOCKS = YES;
				GCC_OPTIMIZATION_LEVEL = 0;
				GCC_PREPROCESSOR_DEFINITIONS = (
					"DEBUG=1",
					"$(inherited)",
				);
				GCC_WARN_64_TO_32_BIT_CONVERSION = YES;
				GCC_WARN_ABOUT_RETURN_TYPE = YES_ERROR;
				GCC_WARN_UNDECLARED_SELECTOR = YES;
				GCC_WARN_UNINITIALIZED_AUTOS = YES_AGGRESSIVE;
				GCC_WARN_UNUSED_FUNCTION = YES;
				GCC_WARN_UNUSED_VARIABLE = YES;
				IPHONEOS_DEPLOYMENT_TARGET = 17.0;
				LOCALIZATION_PREFERS_STRING_CATALOGS = YES;
				MTL_ENABLE_DEBUG_INFO = INCLUDE_SOURCE;
				MTL_FAST_MATH = YES;
				ONLY_ACTIVE_ARCH = YES;
				SDKROOT = iphoneos;
				SWIFT_ACTIVE_COMPILATION_CONDITIONS = "DEBUG $(inherited)";
				SWIFT_OPTIMIZATION_LEVEL = "-Onone";
			};
			name = Debug;
		};
		F67893BD2BA3BC3500ACA13F /* Release */ = {
			isa = XCBuildConfiguration;
			buildSettings = {
				ALWAYS_SEARCH_USER_PATHS = NO;
				ASSETCATALOG_COMPILER_GENERATE_SWIFT_ASSET_SYMBOL_EXTENSIONS = YES;
				CLANG_ANALYZER_NONNULL = YES;
				CLANG_ANALYZER_NUMBER_OBJECT_CONVERSION = YES_AGGRESSIVE;
				CLANG_CXX_LANGUAGE_STANDARD = "gnu++20";
				CLANG_ENABLE_MODULES = YES;
				CLANG_ENABLE_OBJC_ARC = YES;
				CLANG_ENABLE_OBJC_WEAK = YES;
				CLANG_WARN_BLOCK_CAPTURE_AUTORELEASING = YES;
				CLANG_WARN_BOOL_CONVERSION = YES;
				CLANG_WARN_COMMA = YES;
				CLANG_WARN_CONSTANT_CONVERSION = YES;
				CLANG_WARN_DEPRECATED_OBJC_IMPLEMENTATIONS = YES;
				CLANG_WARN_DIRECT_OBJC_ISA_USAGE = YES_ERROR;
				CLANG_WARN_DOCUMENTATION_COMMENTS = YES;
				CLANG_WARN_EMPTY_BODY = YES;
				CLANG_WARN_ENUM_CONVERSION = YES;
				CLANG_WARN_INFINITE_RECURSION = YES;
				CLANG_WARN_INT_CONVERSION = YES;
				CLANG_WARN_NON_LITERAL_NULL_CONVERSION = YES;
				CLANG_WARN_OBJC_IMPLICIT_RETAIN_SELF = YES;
				CLANG_WARN_OBJC_LITERAL_CONVERSION = YES;
				CLANG_WARN_OBJC_ROOT_CLASS = YES_ERROR;
				CLANG_WARN_QUOTED_INCLUDE_IN_FRAMEWORK_HEADER = YES;
				CLANG_WARN_RANGE_LOOP_ANALYSIS = YES;
				CLANG_WARN_STRICT_PROTOTYPES = YES;
				CLANG_WARN_SUSPICIOUS_MOVE = YES;
				CLANG_WARN_UNGUARDED_AVAILABILITY = YES_AGGRESSIVE;
				CLANG_WARN_UNREACHABLE_CODE = YES;
				CLANG_WARN__DUPLICATE_METHOD_MATCH = YES;
				COPY_PHASE_STRIP = NO;
				DEBUG_INFORMATION_FORMAT = "dwarf-with-dsym";
				ENABLE_NS_ASSERTIONS = NO;
				ENABLE_STRICT_OBJC_MSGSEND = YES;
				ENABLE_USER_SCRIPT_SANDBOXING = YES;
				GCC_C_LANGUAGE_STANDARD = gnu17;
				GCC_NO_COMMON_BLOCKS = YES;
				GCC_WARN_64_TO_32_BIT_CONVERSION = YES;
				GCC_WARN_ABOUT_RETURN_TYPE = YES_ERROR;
				GCC_WARN_UNDECLARED_SELECTOR = YES;
				GCC_WARN_UNINITIALIZED_AUTOS = YES_AGGRESSIVE;
				GCC_WARN_UNUSED_FUNCTION = YES;
				GCC_WARN_UNUSED_VARIABLE = YES;
				IPHONEOS_DEPLOYMENT_TARGET = 17.0;
				LOCALIZATION_PREFERS_STRING_CATALOGS = YES;
				MTL_ENABLE_DEBUG_INFO = NO;
				MTL_FAST_MATH = YES;
				SDKROOT = iphoneos;
				SWIFT_COMPILATION_MODE = wholemodule;
				VALIDATE_PRODUCT = YES;
			};
			name = Release;
		};
		F67893BF2BA3BC3500ACA13F /* Debug */ = {
			isa = XCBuildConfiguration;
			buildSettings = {
				ASSETCATALOG_COMPILER_APPICON_NAME = AppIcon;
				ASSETCATALOG_COMPILER_GLOBAL_ACCENT_COLOR_NAME = AccentColor;
				CODE_SIGN_ENTITLEMENTS = Flowtient/Flowtient.entitlements;
				CODE_SIGN_STYLE = Automatic;
				CURRENT_PROJECT_VERSION = 1;
				DEVELOPMENT_ASSET_PATHS = "\"Flowtient/Preview Content\"";
				DEVELOPMENT_TEAM = 8642GNVD2M;
				ENABLE_PREVIEWS = YES;
				GENERATE_INFOPLIST_FILE = YES;
				INFOPLIST_KEY_UIApplicationSceneManifest_Generation = YES;
				INFOPLIST_KEY_UIApplicationSupportsIndirectInputEvents = YES;
				INFOPLIST_KEY_UILaunchScreen_Generation = YES;
				INFOPLIST_KEY_UISupportedInterfaceOrientations_iPad = "UIInterfaceOrientationPortrait UIInterfaceOrientationPortraitUpsideDown UIInterfaceOrientationLandscapeLeft UIInterfaceOrientationLandscapeRight";
				INFOPLIST_KEY_UISupportedInterfaceOrientations_iPhone = "UIInterfaceOrientationPortrait UIInterfaceOrientationLandscapeLeft UIInterfaceOrientationLandscapeRight";
				LD_RUNPATH_SEARCH_PATHS = (
					"$(inherited)",
					"@executable_path/Frameworks",
				);
				MARKETING_VERSION = 1.0;
				PRODUCT_BUNDLE_IDENTIFIER = com.shafique.Flowtient;
				PRODUCT_NAME = "$(TARGET_NAME)";
				SWIFT_EMIT_LOC_STRINGS = YES;
				SWIFT_VERSION = 5.0;
				TARGETED_DEVICE_FAMILY = "1,2";
			};
			name = Debug;
		};
		F67893C02BA3BC3500ACA13F /* Release */ = {
			isa = XCBuildConfiguration;
			buildSettings = {
				ASSETCATALOG_COMPILER_APPICON_NAME = AppIcon;
				ASSETCATALOG_COMPILER_GLOBAL_ACCENT_COLOR_NAME = AccentColor;
				CODE_SIGN_ENTITLEMENTS = Flowtient/Flowtient.entitlements;
				CODE_SIGN_STYLE = Automatic;
				CURRENT_PROJECT_VERSION = 1;
				DEVELOPMENT_ASSET_PATHS = "\"Flowtient/Preview Content\"";
				DEVELOPMENT_TEAM = 8642GNVD2M;
				ENABLE_PREVIEWS = YES;
				GENERATE_INFOPLIST_FILE = YES;
				INFOPLIST_KEY_UIApplicationSceneManifest_Generation = YES;
				INFOPLIST_KEY_UIApplicationSupportsIndirectInputEvents = YES;
				INFOPLIST_KEY_UILaunchScreen_Generation = YES;
				INFOPLIST_KEY_UISupportedInterfaceOrientations_iPad = "UIInterfaceOrientationPortrait UIInterfaceOrientationPortraitUpsideDown UIInterfaceOrientationLandscapeLeft UIInterfaceOrientationLandscapeRight";
				INFOPLIST_KEY_UISupportedInterfaceOrientations_iPhone = "UIInterfaceOrientationPortrait UIInterfaceOrientationLandscapeLeft UIInterfaceOrientationLandscapeRight";
				LD_RUNPATH_SEARCH_PATHS = (
					"$(inherited)",
					"@executable_path/Frameworks",
				);
				MARKETING_VERSION = 1.0;
				PRODUCT_BUNDLE_IDENTIFIER = com.shafique.Flowtient;
				PRODUCT_NAME = "$(TARGET_NAME)";
				SWIFT_EMIT_LOC_STRINGS = YES;
				SWIFT_VERSION = 5.0;
				TARGETED_DEVICE_FAMILY = "1,2";
			};
			name = Release;
		};
/* End XCBuildConfiguration section */

/* Begin XCConfigurationList section */
		F67893AB2BA3BC3200ACA13F /* Build configuration list for PBXProject "Flowtient" */ = {
			isa = XCConfigurationList;
			buildConfigurations = (
				F67893BC2BA3BC3500ACA13F /* Debug */,
				F67893BD2BA3BC3500ACA13F /* Release */,
			);
			defaultConfigurationIsVisible = 0;
			defaultConfigurationName = Release;
		};
		F67893BE2BA3BC3500ACA13F /* Build configuration list for PBXNativeTarget "Flowtient" */ = {
			isa = XCConfigurationList;
			buildConfigurations = (
				F67893BF2BA3BC3500ACA13F /* Debug */,
				F67893C02BA3BC3500ACA13F /* Release */,
			);
			defaultConfigurationIsVisible = 0;
			defaultConfigurationName = Release;
		};
/* End XCConfigurationList section */
	};
	rootObject = F67893A82BA3BC3200ACA13F /* Project object */;
}
